
Microsoft Visual Studio Solution File, Format Version 12.00
# Visual Studio 15
VisualStudioVersion = 15.0.28307.757
MinimumVisualStudioVersion = 10.0.40219.1
Project("{FAE04EC0-301F-11D3-BF4B-00C04F79EFBC}") = "HelloAzure", "HelloAzure\HelloAzure.csproj", "{4213E55C-D2F0-4FA4-9D05-EC049775B401}"
EndProject
Global
	GlobalSection(SolutionConfigurationPlatforms) = preSolution
		Debug|Any CPU = Debug|Any CPU
		Release|Any CPU = Release|Any CPU
	EndGlobalSection
	GlobalSection(ProjectConfigurationPlatforms) = postSolution
		{4213E55C-D2F0-4FA4-9D05-EC049775B401}.Debug|Any CPU.ActiveCfg = Debug|Any CPU
		{4213E55C-D2F0-4FA4-9D05-EC049775B401}.Debug|Any CPU.Build.0 = Debug|Any CPU
		{4213E55C-D2F0-4FA4-9D05-EC049775B401}.Release|Any CPU.ActiveCfg = Release|Any CPU
		{4213E55C-D2F0-4FA4-9D05-EC049775B401}.Release|Any CPU.Build.0 = Release|Any CPU
	EndGlobalSection
	GlobalSection(SolutionProperties) = preSolution
		HideSolutionNode = FALSE
	EndGlobalSection
	GlobalSection(ExtensibilityGlobals) = postSolution
		SolutionGuid = {34EFFAE8-872A-41EE-9603-5C7EE8E5DCA8}
	EndGlobalSection
EndGlobal
